
Microsoft Visual Studio Solution File, Format Version 12.00
# Visual Studio Version 17
VisualStudioVersion = 17.9.34622.214
MinimumVisualStudioVersion = 10.0.40219.1
Project("{FAE04EC0-301F-11D3-BF4B-00C04F79EFBC}") = "Laboratornaya2S4", "Laboratornaya2S4\Laboratornaya2S4.csproj", "{456E3BF1-14A5-4DA0-B9BE-5B3A27BA0AE3}"
EndProject
Project("{FAE04EC0-301F-11D3-BF4B-00C04F79EFBC}") = "Logic", "Logic\Logic.csproj", "{3B6AE11A-281B-49AC-B2F1-5ACE4681FF47}"
EndProject
Global
	GlobalSection(SolutionConfigurationPlatforms) = preSolution
		Debug|Any CPU = Debug|Any CPU
		Release|Any CPU = Release|Any CPU
	EndGlobalSection
	GlobalSection(ProjectConfigurationPlatforms) = postSolution
		{456E3BF1-14A5-4DA0-B9BE-5B3A27BA0AE3}.Debug|Any CPU.ActiveCfg = Debug|Any CPU
		{456E3BF1-14A5-4DA0-B9BE-5B3A27BA0AE3}.Debug|Any CPU.Build.0 = Debug|Any CPU
		{456E3BF1-14A5-4DA0-B9BE-5B3A27BA0AE3}.Release|Any CPU.ActiveCfg = Release|Any CPU
		{456E3BF1-14A5-4DA0-B9BE-5B3A27BA0AE3}.Release|Any CPU.Build.0 = Release|Any CPU
		{3B6AE11A-281B-49AC-B2F1-5ACE4681FF47}.Debug|Any CPU.ActiveCfg = Debug|Any CPU
		{3B6AE11A-281B-49AC-B2F1-5ACE4681FF47}.Debug|Any CPU.Build.0 = Debug|Any CPU
		{3B6AE11A-281B-49AC-B2F1-5ACE4681FF47}.Release|Any CPU.ActiveCfg = Release|Any CPU
		{3B6AE11A-281B-49AC-B2F1-5ACE4681FF47}.Release|Any CPU.Build.0 = Release|Any CPU
	EndGlobalSection
	GlobalSection(SolutionProperties) = preSolution
		HideSolutionNode = FALSE
	EndGlobalSection
	GlobalSection(ExtensibilityGlobals) = postSolution
		SolutionGuid = {C43DF750-0155-4B0D-8871-695669AA1416}
	EndGlobalSection
EndGlobal
